// !$*UTF8*$!
{
	archiveVersion = 1;
	classes = {
	};
	objectVersion = 50;
	objects = {

/* Begin PBXBuildFile section */
		B43BB27F2551AD28002CD050 /* AppDelegate.swift in Sources */ = {isa = PBXBuildFile; fileRef = B43BB27E2551AD28002CD050 /* AppDelegate.swift */; };
		B43BB2812551AD28002CD050 /* SceneDelegate.swift in Sources */ = {isa = PBXBuildFile; fileRef = B43BB2802551AD28002CD050 /* SceneDelegate.swift */; };
		B43BB2832551AD28002CD050 /* ViewController.swift in Sources */ = {isa = PBXBuildFile; fileRef = B43BB2822551AD28002CD050 /* ViewController.swift */; };
		B43BB2862551AD28002CD050 /* Main.storyboard in Resources */ = {isa = PBXBuildFile; fileRef = B43BB2842551AD28002CD050 /* Main.storyboard */; };
		B43BB2882551AD28002CD050 /* Assets.xcassets in Resources */ = {isa = PBXBuildFile; fileRef = B43BB2872551AD28002CD050 /* Assets.xcassets */; };
		B43BB28B2551AD28002CD050 /* LaunchScreen.storyboard in Resources */ = {isa = PBXBuildFile; fileRef = B43BB2892551AD28002CD050 /* LaunchScreen.storyboard */; };
		B43BB2962551AD29002CD050 /* PhotoBrowserExampleTests.swift in Sources */ = {isa = PBXBuildFile; fileRef = B43BB2952551AD29002CD050 /* PhotoBrowserExampleTests.swift */; };
		B43BB2A12551AD29002CD050 /* PhotoBrowserExampleUITests.swift in Sources */ = {isa = PBXBuildFile; fileRef = B43BB2A02551AD29002CD050 /* PhotoBrowserExampleUITests.swift */; };
		B43BB2BA2551BCD2002CD050 /* PhotoBrowserViewController.swift in Sources */ = {isa = PBXBuildFile; fileRef = B43BB2B82551BCD2002CD050 /* PhotoBrowserViewController.swift */; };
		B43BB2BB2551BCD2002CD050 /* PhotoBrowserViewController.xib in Resources */ = {isa = PBXBuildFile; fileRef = B43BB2B92551BCD2002CD050 /* PhotoBrowserViewController.xib */; };
		B43BB2C02551BF2E002CD050 /* AsyncImageView.swift in Sources */ = {isa = PBXBuildFile; fileRef = B43BB2BF2551BF2E002CD050 /* AsyncImageView.swift */; };
		B43BB2C52551BF50002CD050 /* AsyncImageLoader.swift in Sources */ = {isa = PBXBuildFile; fileRef = B43BB2C42551BF50002CD050 /* AsyncImageLoader.swift */; };
		B43BB2CA2551C3E9002CD050 /* PagedContentViewController.swift in Sources */ = {isa = PBXBuildFile; fileRef = B43BB2C92551C3E9002CD050 /* PagedContentViewController.swift */; };
		B43BB2D02551CDB0002CD050 /* PhotoViewController.swift in Sources */ = {isa = PBXBuildFile; fileRef = B43BB2CE2551CDB0002CD050 /* PhotoViewController.swift */; };
		B43BB2D12551CDB0002CD050 /* PhotoViewController.xib in Resources */ = {isa = PBXBuildFile; fileRef = B43BB2CF2551CDB0002CD050 /* PhotoViewController.xib */; };
		B43BB2D62551CF7B002CD050 /* PhotoPagingViewController.swift in Sources */ = {isa = PBXBuildFile; fileRef = B43BB2D52551CF7B002CD050 /* PhotoPagingViewController.swift */; };
/* End PBXBuildFile section */

/* Begin PBXContainerItemProxy section */
		B43BB2922551AD29002CD050 /* PBXContainerItemProxy */ = {
			isa = PBXContainerItemProxy;
			containerPortal = B43BB2732551AD28002CD050 /* Project object */;
			proxyType = 1;
			remoteGlobalIDString = B43BB27A2551AD28002CD050;
			remoteInfo = PhotoBrowserExample;
		};
		B43BB29D2551AD29002CD050 /* PBXContainerItemProxy */ = {
			isa = PBXContainerItemProxy;
			containerPortal = B43BB2732551AD28002CD050 /* Project object */;
			proxyType = 1;
			remoteGlobalIDString = B43BB27A2551AD28002CD050;
			remoteInfo = PhotoBrowserExample;
		};
/* End PBXContainerItemProxy section */

/* Begin PBXFileReference section */
		B43BB27B2551AD28002CD050 /* PhotoBrowserExample.app */ = {isa = PBXFileReference; explicitFileType = wrapper.application; includeInIndex = 0; path = PhotoBrowserExample.app; sourceTree = BUILT_PRODUCTS_DIR; };
		B43BB27E2551AD28002CD050 /* AppDelegate.swift */ = {isa = PBXFileReference; lastKnownFileType = sourcecode.swift; path = AppDelegate.swift; sourceTree = "<group>"; };
		B43BB2802551AD28002CD050 /* SceneDelegate.swift */ = {isa = PBXFileReference; lastKnownFileType = sourcecode.swift; path = SceneDelegate.swift; sourceTree = "<group>"; };
		B43BB2822551AD28002CD050 /* ViewController.swift */ = {isa = PBXFileReference; lastKnownFileType = sourcecode.swift; path = ViewController.swift; sourceTree = "<group>"; };
		B43BB2852551AD28002CD050 /* Base */ = {isa = PBXFileReference; lastKnownFileType = file.storyboard; name = Base; path = Base.lproj/Main.storyboard; sourceTree = "<group>"; };
		B43BB2872551AD28002CD050 /* Assets.xcassets */ = {isa = PBXFileReference; lastKnownFileType = folder.assetcatalog; path = Assets.xcassets; sourceTree = "<group>"; };
		B43BB28A2551AD28002CD050 /* Base */ = {isa = PBXFileReference; lastKnownFileType = file.storyboard; name = Base; path = Base.lproj/LaunchScreen.storyboard; sourceTree = "<group>"; };
		B43BB28C2551AD28002CD050 /* Info.plist */ = {isa = PBXFileReference; lastKnownFileType = text.plist.xml; path = Info.plist; sourceTree = "<group>"; };
		B43BB2912551AD29002CD050 /* PhotoBrowserExampleTests.xctest */ = {isa = PBXFileReference; explicitFileType = wrapper.cfbundle; includeInIndex = 0; path = PhotoBrowserExampleTests.xctest; sourceTree = BUILT_PRODUCTS_DIR; };
		B43BB2952551AD29002CD050 /* PhotoBrowserExampleTests.swift */ = {isa = PBXFileReference; lastKnownFileType = sourcecode.swift; path = PhotoBrowserExampleTests.swift; sourceTree = "<group>"; };
		B43BB2972551AD29002CD050 /* Info.plist */ = {isa = PBXFileReference; lastKnownFileType = text.plist.xml; path = Info.plist; sourceTree = "<group>"; };
		B43BB29C2551AD29002CD050 /* PhotoBrowserExampleUITests.xctest */ = {isa = PBXFileReference; explicitFileType = wrapper.cfbundle; includeInIndex = 0; path = PhotoBrowserExampleUITests.xctest; sourceTree = BUILT_PRODUCTS_DIR; };
		B43BB2A02551AD29002CD050 /* PhotoBrowserExampleUITests.swift */ = {isa = PBXFileReference; lastKnownFileType = sourcecode.swift; path = PhotoBrowserExampleUITests.swift; sourceTree = "<group>"; };
		B43BB2A22551AD29002CD050 /* Info.plist */ = {isa = PBXFileReference; lastKnownFileType = text.plist.xml; path = Info.plist; sourceTree = "<group>"; };
		B43BB2B82551BCD2002CD050 /* PhotoBrowserViewController.swift */ = {isa = PBXFileReference; lastKnownFileType = sourcecode.swift; path = PhotoBrowserViewController.swift; sourceTree = "<group>"; };
		B43BB2B92551BCD2002CD050 /* PhotoBrowserViewController.xib */ = {isa = PBXFileReference; lastKnownFileType = file.xib; path = PhotoBrowserViewController.xib; sourceTree = "<group>"; };
		B43BB2BF2551BF2E002CD050 /* AsyncImageView.swift */ = {isa = PBXFileReference; lastKnownFileType = sourcecode.swift; path = AsyncImageView.swift; sourceTree = "<group>"; };
		B43BB2C42551BF50002CD050 /* AsyncImageLoader.swift */ = {isa = PBXFileReference; lastKnownFileType = sourcecode.swift; path = AsyncImageLoader.swift; sourceTree = "<group>"; };
		B43BB2C92551C3E9002CD050 /* PagedContentViewController.swift */ = {isa = PBXFileReference; lastKnownFileType = sourcecode.swift; path = PagedContentViewController.swift; sourceTree = "<group>"; };
		B43BB2CE2551CDB0002CD050 /* PhotoViewController.swift */ = {isa = PBXFileReference; lastKnownFileType = sourcecode.swift; path = PhotoViewController.swift; sourceTree = "<group>"; };
		B43BB2CF2551CDB0002CD050 /* PhotoViewController.xib */ = {isa = PBXFileReference; lastKnownFileType = file.xib; path = PhotoViewController.xib; sourceTree = "<group>"; };
		B43BB2D52551CF7B002CD050 /* PhotoPagingViewController.swift */ = {isa = PBXFileReference; lastKnownFileType = sourcecode.swift; path = PhotoPagingViewController.swift; sourceTree = "<group>"; };
/* End PBXFileReference section */

/* Begin PBXFrameworksBuildPhase section */
		B43BB2782551AD28002CD050 /* Frameworks */ = {
			isa = PBXFrameworksBuildPhase;
			buildActionMask = 2147483647;
			files = (
			);
			runOnlyForDeploymentPostprocessing = 0;
		};
		B43BB28E2551AD29002CD050 /* Frameworks */ = {
			isa = PBXFrameworksBuildPhase;
			buildActionMask = 2147483647;
			files = (
			);
			runOnlyForDeploymentPostprocessing = 0;
		};
		B43BB2992551AD29002CD050 /* Frameworks */ = {
			isa = PBXFrameworksBuildPhase;
			buildActionMask = 2147483647;
			files = (
			);
			runOnlyForDeploymentPostprocessing = 0;
		};
/* End PBXFrameworksBuildPhase section */

/* Begin PBXGroup section */
		B43BB2722551AD28002CD050 = {
			isa = PBXGroup;
			children = (
				B43BB27D2551AD28002CD050 /* PhotoBrowserExample */,
				B43BB2942551AD29002CD050 /* PhotoBrowserExampleTests */,
				B43BB29F2551AD29002CD050 /* PhotoBrowserExampleUITests */,
				B43BB27C2551AD28002CD050 /* Products */,
			);
			sourceTree = "<group>";
		};
		B43BB27C2551AD28002CD050 /* Products */ = {
			isa = PBXGroup;
			children = (
				B43BB27B2551AD28002CD050 /* PhotoBrowserExample.app */,
				B43BB2912551AD29002CD050 /* PhotoBrowserExampleTests.xctest */,
				B43BB29C2551AD29002CD050 /* PhotoBrowserExampleUITests.xctest */,
			);
			name = Products;
			sourceTree = "<group>";
		};
		B43BB27D2551AD28002CD050 /* PhotoBrowserExample */ = {
			isa = PBXGroup;
			children = (
				B43BB27E2551AD28002CD050 /* AppDelegate.swift */,
				B43BB2802551AD28002CD050 /* SceneDelegate.swift */,
				B43BB2822551AD28002CD050 /* ViewController.swift */,
				B43BB2C92551C3E9002CD050 /* PagedContentViewController.swift */,
				B43BB2D52551CF7B002CD050 /* PhotoPagingViewController.swift */,
				B43BB2CE2551CDB0002CD050 /* PhotoViewController.swift */,
				B43BB2CF2551CDB0002CD050 /* PhotoViewController.xib */,
				B43BB2B82551BCD2002CD050 /* PhotoBrowserViewController.swift */,
				B43BB2B92551BCD2002CD050 /* PhotoBrowserViewController.xib */,
				B43BB2842551AD28002CD050 /* Main.storyboard */,
				B43BB2872551AD28002CD050 /* Assets.xcassets */,
				B43BB2892551AD28002CD050 /* LaunchScreen.storyboard */,
				B43BB28C2551AD28002CD050 /* Info.plist */,
				B43BB2BF2551BF2E002CD050 /* AsyncImageView.swift */,
				B43BB2C42551BF50002CD050 /* AsyncImageLoader.swift */,
			);
			path = PhotoBrowserExample;
			sourceTree = "<group>";
		};
		B43BB2942551AD29002CD050 /* PhotoBrowserExampleTests */ = {
			isa = PBXGroup;
			children = (
				B43BB2952551AD29002CD050 /* PhotoBrowserExampleTests.swift */,
				B43BB2972551AD29002CD050 /* Info.plist */,
			);
			path = PhotoBrowserExampleTests;
			sourceTree = "<group>";
		};
		B43BB29F2551AD29002CD050 /* PhotoBrowserExampleUITests */ = {
			isa = PBXGroup;
			children = (
				B43BB2A02551AD29002CD050 /* PhotoBrowserExampleUITests.swift */,
				B43BB2A22551AD29002CD050 /* Info.plist */,
			);
			path = PhotoBrowserExampleUITests;
			sourceTree = "<group>";
		};
/* End PBXGroup section */

/* Begin PBXNativeTarget section */
		B43BB27A2551AD28002CD050 /* PhotoBrowserExample */ = {
			isa = PBXNativeTarget;
			buildConfigurationList = B43BB2A52551AD29002CD050 /* Build configuration list for PBXNativeTarget "PhotoBrowserExample" */;
			buildPhases = (
				B43BB2772551AD28002CD050 /* Sources */,
				B43BB2782551AD28002CD050 /* Frameworks */,
				B43BB2792551AD28002CD050 /* Resources */,
			);
			buildRules = (
			);
			dependencies = (
			);
			name = PhotoBrowserExample;
			productName = PhotoBrowserExample;
			productReference = B43BB27B2551AD28002CD050 /* PhotoBrowserExample.app */;
			productType = "com.apple.product-type.application";
		};
		B43BB2902551AD29002CD050 /* PhotoBrowserExampleTests */ = {
			isa = PBXNativeTarget;
			buildConfigurationList = B43BB2A82551AD29002CD050 /* Build configuration list for PBXNativeTarget "PhotoBrowserExampleTests" */;
			buildPhases = (
				B43BB28D2551AD29002CD050 /* Sources */,
				B43BB28E2551AD29002CD050 /* Frameworks */,
				B43BB28F2551AD29002CD050 /* Resources */,
			);
			buildRules = (
			);
			dependencies = (
				B43BB2932551AD29002CD050 /* PBXTargetDependency */,
			);
			name = PhotoBrowserExampleTests;
			productName = PhotoBrowserExampleTests;
			productReference = B43BB2912551AD29002CD050 /* PhotoBrowserExampleTests.xctest */;
			productType = "com.apple.product-type.bundle.unit-test";
		};
		B43BB29B2551AD29002CD050 /* PhotoBrowserExampleUITests */ = {
			isa = PBXNativeTarget;
			buildConfigurationList = B43BB2AB2551AD29002CD050 /* Build configuration list for PBXNativeTarget "PhotoBrowserExampleUITests" */;
			buildPhases = (
				B43BB2982551AD29002CD050 /* Sources */,
				B43BB2992551AD29002CD050 /* Frameworks */,
				B43BB29A2551AD29002CD050 /* Resources */,
			);
			buildRules = (
			);
			dependencies = (
				B43BB29E2551AD29002CD050 /* PBXTargetDependency */,
			);
			name = PhotoBrowserExampleUITests;
			productName = PhotoBrowserExampleUITests;
			productReference = B43BB29C2551AD29002CD050 /* PhotoBrowserExampleUITests.xctest */;
			productType = "com.apple.product-type.bundle.ui-testing";
		};
/* End PBXNativeTarget section */

/* Begin PBXProject section */
		B43BB2732551AD28002CD050 /* Project object */ = {
			isa = PBXProject;
			attributes = {
				LastSwiftUpdateCheck = 1200;
				LastUpgradeCheck = 1200;
				TargetAttributes = {
					B43BB27A2551AD28002CD050 = {
						CreatedOnToolsVersion = 12.0.1;
					};
					B43BB2902551AD29002CD050 = {
						CreatedOnToolsVersion = 12.0.1;
						TestTargetID = B43BB27A2551AD28002CD050;
					};
					B43BB29B2551AD29002CD050 = {
						CreatedOnToolsVersion = 12.0.1;
						TestTargetID = B43BB27A2551AD28002CD050;
					};
				};
			};
			buildConfigurationList = B43BB2762551AD28002CD050 /* Build configuration list for PBXProject "PhotoBrowserExample" */;
			compatibilityVersion = "Xcode 9.3";
			developmentRegion = en;
			hasScannedForEncodings = 0;
			knownRegions = (
				en,
				Base,
			);
			mainGroup = B43BB2722551AD28002CD050;
			productRefGroup = B43BB27C2551AD28002CD050 /* Products */;
			projectDirPath = "";
			projectRoot = "";
			targets = (
				B43BB27A2551AD28002CD050 /* PhotoBrowserExample */,
				B43BB2902551AD29002CD050 /* PhotoBrowserExampleTests */,
				B43BB29B2551AD29002CD050 /* PhotoBrowserExampleUITests */,
			);
		};
/* End PBXProject section */

/* Begin PBXResourcesBuildPhase section */
		B43BB2792551AD28002CD050 /* Resources */ = {
			isa = PBXResourcesBuildPhase;
			buildActionMask = 2147483647;
			files = (
				B43BB2BB2551BCD2002CD050 /* PhotoBrowserViewController.xib in Resources */,
				B43BB2D12551CDB0002CD050 /* PhotoViewController.xib in Resources */,
				B43BB28B2551AD28002CD050 /* LaunchScreen.storyboard in Resources */,
				B43BB2882551AD28002CD050 /* Assets.xcassets in Resources */,
				B43BB2862551AD28002CD050 /* Main.storyboard in Resources */,
			);
			runOnlyForDeploymentPostprocessing = 0;
		};
		B43BB28F2551AD29002CD050 /* Resources */ = {
			isa = PBXResourcesBuildPhase;
			buildActionMask = 2147483647;
			files = (
			);
			runOnlyForDeploymentPostprocessing = 0;
		};
		B43BB29A2551AD29002CD050 /* Resources */ = {
			isa = PBXResourcesBuildPhase;
			buildActionMask = 2147483647;
			files = (
			);
			runOnlyForDeploymentPostprocessing = 0;
		};
/* End PBXResourcesBuildPhase section */

/* Begin PBXSourcesBuildPhase section */
		B43BB2772551AD28002CD050 /* Sources */ = {
			isa = PBXSourcesBuildPhase;
			buildActionMask = 2147483647;
			files = (
				B43BB2BA2551BCD2002CD050 /* PhotoBrowserViewController.swift in Sources */,
				B43BB2832551AD28002CD050 /* ViewController.swift in Sources */,
				B43BB27F2551AD28002CD050 /* AppDelegate.swift in Sources */,
				B43BB2D62551CF7B002CD050 /* PhotoPagingViewController.swift in Sources */,
				B43BB2CA2551C3E9002CD050 /* PagedContentViewController.swift in Sources */,
				B43BB2C52551BF50002CD050 /* AsyncImageLoader.swift in Sources */,
				B43BB2D02551CDB0002CD050 /* PhotoViewController.swift in Sources */,
				B43BB2C02551BF2E002CD050 /* AsyncImageView.swift in Sources */,
				B43BB2812551AD28002CD050 /* SceneDelegate.swift in Sources */,
			);
			runOnlyForDeploymentPostprocessing = 0;
		};
		B43BB28D2551AD29002CD050 /* Sources */ = {
			isa = PBXSourcesBuildPhase;
			buildActionMask = 2147483647;
			files = (
				B43BB2962551AD29002CD050 /* PhotoBrowserExampleTests.swift in Sources */,
			);
			runOnlyForDeploymentPostprocessing = 0;
		};
		B43BB2982551AD29002CD050 /* Sources */ = {
			isa = PBXSourcesBuildPhase;
			buildActionMask = 2147483647;
			files = (
				B43BB2A12551AD29002CD050 /* PhotoBrowserExampleUITests.swift in Sources */,
			);
			runOnlyForDeploymentPostprocessing = 0;
		};
/* End PBXSourcesBuildPhase section */

/* Begin PBXTargetDependency section */
		B43BB2932551AD29002CD050 /* PBXTargetDependency */ = {
			isa = PBXTargetDependency;
			target = B43BB27A2551AD28002CD050 /* PhotoBrowserExample */;
			targetProxy = B43BB2922551AD29002CD050 /* PBXContainerItemProxy */;
		};
		B43BB29E2551AD29002CD050 /* PBXTargetDependency */ = {
			isa = PBXTargetDependency;
			target = B43BB27A2551AD28002CD050 /* PhotoBrowserExample */;
			targetProxy = B43BB29D2551AD29002CD050 /* PBXContainerItemProxy */;
		};
/* End PBXTargetDependency section */

/* Begin PBXVariantGroup section */
		B43BB2842551AD28002CD050 /* Main.storyboard */ = {
			isa = PBXVariantGroup;
			children = (
				B43BB2852551AD28002CD050 /* Base */,
			);
			name = Main.storyboard;
			sourceTree = "<group>";
		};
		B43BB2892551AD28002CD050 /* LaunchScreen.storyboard */ = {
			isa = PBXVariantGroup;
			children = (
				B43BB28A2551AD28002CD050 /* Base */,
			);
			name = LaunchScreen.storyboard;
			sourceTree = "<group>";
		};
/* End PBXVariantGroup section */

/* Begin XCBuildConfiguration section */
		B43BB2A32551AD29002CD050 /* Debug */ = {
			isa = XCBuildConfiguration;
			buildSettings = {
				ALWAYS_SEARCH_USER_PATHS = NO;
				CLANG_ANALYZER_NONNULL = YES;
				CLANG_ANALYZER_NUMBER_OBJECT_CONVERSION = YES_AGGRESSIVE;
				CLANG_CXX_LANGUAGE_STANDARD = "gnu++14";
				CLANG_CXX_LIBRARY = "libc++";
				CLANG_ENABLE_MODULES = YES;
				CLANG_ENABLE_OBJC_ARC = YES;
				CLANG_ENABLE_OBJC_WEAK = YES;
				CLANG_WARN_BLOCK_CAPTURE_AUTORELEASING = YES;
				CLANG_WARN_BOOL_CONVERSION = YES;
				CLANG_WARN_COMMA = YES;
				CLANG_WARN_CONSTANT_CONVERSION = YES;
				CLANG_WARN_DEPRECATED_OBJC_IMPLEMENTATIONS = YES;
				CLANG_WARN_DIRECT_OBJC_ISA_USAGE = YES_ERROR;
				CLANG_WARN_DOCUMENTATION_COMMENTS = YES;
				CLANG_WARN_EMPTY_BODY = YES;
				CLANG_WARN_ENUM_CONVERSION = YES;
				CLANG_WARN_INFINITE_RECURSION = YES;
				CLANG_WARN_INT_CONVERSION = YES;
				CLANG_WARN_NON_LITERAL_NULL_CONVERSION = YES;
				CLANG_WARN_OBJC_IMPLICIT_RETAIN_SELF = YES;
				CLANG_WARN_OBJC_LITERAL_CONVERSION = YES;
				CLANG_WARN_OBJC_ROOT_CLASS = YES_ERROR;
				CLANG_WARN_QUOTED_INCLUDE_IN_FRAMEWORK_HEADER = YES;
				CLANG_WARN_RANGE_LOOP_ANALYSIS = YES;
				CLANG_WARN_STRICT_PROTOTYPES = YES;
				CLANG_WARN_SUSPICIOUS_MOVE = YES;
				CLANG_WARN_UNGUARDED_AVAILABILITY = YES_AGGRESSIVE;
				CLANG_WARN_UNREACHABLE_CODE = YES;
				CLANG_WARN__DUPLICATE_METHOD_MATCH = YES;
				COPY_PHASE_STRIP = NO;
				DEBUG_INFORMATION_FORMAT = dwarf;
				ENABLE_STRICT_OBJC_MSGSEND = YES;
				ENABLE_TESTABILITY = YES;
				GCC_C_LANGUAGE_STANDARD = gnu11;
				GCC_DYNAMIC_NO_PIC = NO;
				GCC_NO_COMMON_BLOCKS = YES;
				GCC_OPTIMIZATION_LEVEL = 0;
				GCC_PREPROCESSOR_DEFINITIONS = (
					"DEBUG=1",
					"$(inherited)",
				);
				GCC_WARN_64_TO_32_BIT_CONVERSION = YES;
				GCC_WARN_ABOUT_RETURN_TYPE = YES_ERROR;
				GCC_WARN_UNDECLARED_SELECTOR = YES;
				GCC_WARN_UNINITIALIZED_AUTOS = YES_AGGRESSIVE;
				GCC_WARN_UNUSED_FUNCTION = YES;
				GCC_WARN_UNUSED_VARIABLE = YES;
				IPHONEOS_DEPLOYMENT_TARGET = 14.0;
				MTL_ENABLE_DEBUG_INFO = INCLUDE_SOURCE;
				MTL_FAST_MATH = YES;
				ONLY_ACTIVE_ARCH = YES;
				SDKROOT = iphoneos;
				SWIFT_ACTIVE_COMPILATION_CONDITIONS = DEBUG;
				SWIFT_OPTIMIZATION_LEVEL = "-Onone";
			};
			name = Debug;
		};
		B43BB2A42551AD29002CD050 /* Release */ = {
			isa = XCBuildConfiguration;
			buildSettings = {
				ALWAYS_SEARCH_USER_PATHS = NO;
				CLANG_ANALYZER_NONNULL = YES;
				CLANG_ANALYZER_NUMBER_OBJECT_CONVERSION = YES_AGGRESSIVE;
				CLANG_CXX_LANGUAGE_STANDARD = "gnu++14";
				CLANG_CXX_LIBRARY = "libc++";
				CLANG_ENABLE_MODULES = YES;
				CLANG_ENABLE_OBJC_ARC = YES;
				CLANG_ENABLE_OBJC_WEAK = YES;
				CLANG_WARN_BLOCK_CAPTURE_AUTORELEASING = YES;
				CLANG_WARN_BOOL_CONVERSION = YES;
				CLANG_WARN_COMMA = YES;
				CLANG_WARN_CONSTANT_CONVERSION = YES;
				CLANG_WARN_DEPRECATED_OBJC_IMPLEMENTATIONS = YES;
				CLANG_WARN_DIRECT_OBJC_ISA_USAGE = YES_ERROR;
				CLANG_WARN_DOCUMENTATION_COMMENTS = YES;
				CLANG_WARN_EMPTY_BODY = YES;
				CLANG_WARN_ENUM_CONVERSION = YES;
				CLANG_WARN_INFINITE_RECURSION = YES;
				CLANG_WARN_INT_CONVERSION = YES;
				CLANG_WARN_NON_LITERAL_NULL_CONVERSION = YES;
				CLANG_WARN_OBJC_IMPLICIT_RETAIN_SELF = YES;
				CLANG_WARN_OBJC_LITERAL_CONVERSION = YES;
				CLANG_WARN_OBJC_ROOT_CLASS = YES_ERROR;
				CLANG_WARN_QUOTED_INCLUDE_IN_FRAMEWORK_HEADER = YES;
				CLANG_WARN_RANGE_LOOP_ANALYSIS = YES;
				CLANG_WARN_STRICT_PROTOTYPES = YES;
				CLANG_WARN_SUSPICIOUS_MOVE = YES;
				CLANG_WARN_UNGUARDED_AVAILABILITY = YES_AGGRESSIVE;
				CLANG_WARN_UNREACHABLE_CODE = YES;
				CLANG_WARN__DUPLICATE_METHOD_MATCH = YES;
				COPY_PHASE_STRIP = NO;
				DEBUG_INFORMATION_FORMAT = "dwarf-with-dsym";
				ENABLE_NS_ASSERTIONS = NO;
				ENABLE_STRICT_OBJC_MSGSEND = YES;
				GCC_C_LANGUAGE_STANDARD = gnu11;
				GCC_NO_COMMON_BLOCKS = YES;
				GCC_WARN_64_TO_32_BIT_CONVERSION = YES;
				GCC_WARN_ABOUT_RETURN_TYPE = YES_ERROR;
				GCC_WARN_UNDECLARED_SELECTOR = YES;
				GCC_WARN_UNINITIALIZED_AUTOS = YES_AGGRESSIVE;
				GCC_WARN_UNUSED_FUNCTION = YES;
				GCC_WARN_UNUSED_VARIABLE = YES;
				IPHONEOS_DEPLOYMENT_TARGET = 14.0;
				MTL_ENABLE_DEBUG_INFO = NO;
				MTL_FAST_MATH = YES;
				SDKROOT = iphoneos;
				SWIFT_COMPILATION_MODE = wholemodule;
				SWIFT_OPTIMIZATION_LEVEL = "-O";
				VALIDATE_PRODUCT = YES;
			};
			name = Release;
		};
		B43BB2A62551AD29002CD050 /* Debug */ = {
			isa = XCBuildConfiguration;
			buildSettings = {
				ASSETCATALOG_COMPILER_APPICON_NAME = AppIcon;
				ASSETCATALOG_COMPILER_GLOBAL_ACCENT_COLOR_NAME = AccentColor;
				CODE_SIGN_STYLE = Automatic;
				DEVELOPMENT_TEAM = 74CF28R6R2;
				INFOPLIST_FILE = PhotoBrowserExample/Info.plist;
				LD_RUNPATH_SEARCH_PATHS = (
					"$(inherited)",
					"@executable_path/Frameworks",
				);
				PRODUCT_BUNDLE_IDENTIFIER = com.jasoncancode.PhotoBrowserExample;
				PRODUCT_NAME = "$(TARGET_NAME)";
				SWIFT_VERSION = 5.0;
				TARGETED_DEVICE_FAMILY = "1,2";
			};
			name = Debug;
		};
		B43BB2A72551AD29002CD050 /* Release */ = {
			isa = XCBuildConfiguration;
			buildSettings = {
				ASSETCATALOG_COMPILER_APPICON_NAME = AppIcon;
				ASSETCATALOG_COMPILER_GLOBAL_ACCENT_COLOR_NAME = AccentColor;
				CODE_SIGN_STYLE = Automatic;
				DEVELOPMENT_TEAM = 74CF28R6R2;
				INFOPLIST_FILE = PhotoBrowserExample/Info.plist;
				LD_RUNPATH_SEARCH_PATHS = (
					"$(inherited)",
					"@executable_path/Frameworks",
				);
				PRODUCT_BUNDLE_IDENTIFIER = com.jasoncancode.PhotoBrowserExample;
				PRODUCT_NAME = "$(TARGET_NAME)";
				SWIFT_VERSION = 5.0;
				TARGETED_DEVICE_FAMILY = "1,2";
			};
			name = Release;
		};
		B43BB2A92551AD29002CD050 /* Debug */ = {
			isa = XCBuildConfiguration;
			buildSettings = {
				ALWAYS_EMBED_SWIFT_STANDARD_LIBRARIES = YES;
				BUNDLE_LOADER = "$(TEST_HOST)";
				CODE_SIGN_STYLE = Automatic;
				DEVELOPMENT_TEAM = 74CF28R6R2;
				INFOPLIST_FILE = PhotoBrowserExampleTests/Info.plist;
				IPHONEOS_DEPLOYMENT_TARGET = 14.0;
				LD_RUNPATH_SEARCH_PATHS = (
					"$(inherited)",
					"@executable_path/Frameworks",
					"@loader_path/Frameworks",
				);
				PRODUCT_BUNDLE_IDENTIFIER = com.jasoncancode.PhotoBrowserExampleTests;
				PRODUCT_NAME = "$(TARGET_NAME)";
				SWIFT_VERSION = 5.0;
				TARGETED_DEVICE_FAMILY = "1,2";
				TEST_HOST = "$(BUILT_PRODUCTS_DIR)/PhotoBrowserExample.app/PhotoBrowserExample";
			};
			name = Debug;
		};
		B43BB2AA2551AD29002CD050 /* Release */ = {
			isa = XCBuildConfiguration;
			buildSettings = {
				ALWAYS_EMBED_SWIFT_STANDARD_LIBRARIES = YES;
				BUNDLE_LOADER = "$(TEST_HOST)";
				CODE_SIGN_STYLE = Automatic;
				DEVELOPMENT_TEAM = 74CF28R6R2;
				INFOPLIST_FILE = PhotoBrowserExampleTests/Info.plist;
				IPHONEOS_DEPLOYMENT_TARGET = 14.0;
				LD_RUNPATH_SEARCH_PATHS = (
					"$(inherited)",
					"@executable_path/Frameworks",
					"@loader_path/Frameworks",
				);
				PRODUCT_BUNDLE_IDENTIFIER = com.jasoncancode.PhotoBrowserExampleTests;
				PRODUCT_NAME = "$(TARGET_NAME)";
				SWIFT_VERSION = 5.0;
				TARGETED_DEVICE_FAMILY = "1,2";
				TEST_HOST = "$(BUILT_PRODUCTS_DIR)/PhotoBrowserExample.app/PhotoBrowserExample";
			};
			name = Release;
		};
		B43BB2AC2551AD29002CD050 /* Debug */ = {
			isa = XCBuildConfiguration;
			buildSettings = {
				ALWAYS_EMBED_SWIFT_STANDARD_LIBRARIES = YES;
				CODE_SIGN_STYLE = Automatic;
				DEVELOPMENT_TEAM = 74CF28R6R2;
				INFOPLIST_FILE = PhotoBrowserExampleUITests/Info.plist;
				LD_RUNPATH_SEARCH_PATHS = (
					"$(inherited)",
					"@executable_path/Frameworks",
					"@loader_path/Frameworks",
				);
				PRODUCT_BUNDLE_IDENTIFIER = com.jasoncancode.PhotoBrowserExampleUITests;
				PRODUCT_NAME = "$(TARGET_NAME)";
				SWIFT_VERSION = 5.0;
				TARGETED_DEVICE_FAMILY = "1,2";
				TEST_TARGET_NAME = PhotoBrowserExample;
			};
			name = Debug;
		};
		B43BB2AD2551AD29002CD050 /* Release */ = {
			isa = XCBuildConfiguration;
			buildSettings = {
				ALWAYS_EMBED_SWIFT_STANDARD_LIBRARIES = YES;
				CODE_SIGN_STYLE = Automatic;
				DEVELOPMENT_TEAM = 74CF28R6R2;
				INFOPLIST_FILE = PhotoBrowserExampleUITests/Info.plist;
				LD_RUNPATH_SEARCH_PATHS = (
					"$(inherited)",
					"@executable_path/Frameworks",
					"@loader_path/Frameworks",
				);
				PRODUCT_BUNDLE_IDENTIFIER = com.jasoncancode.PhotoBrowserExampleUITests;
				PRODUCT_NAME = "$(TARGET_NAME)";
				SWIFT_VERSION = 5.0;
				TARGETED_DEVICE_FAMILY = "1,2";
				TEST_TARGET_NAME = PhotoBrowserExample;
			};
			name = Release;
		};
/* End XCBuildConfiguration section */

/* Begin XCConfigurationList section */
		B43BB2762551AD28002CD050 /* Build configuration list for PBXProject "PhotoBrowserExample" */ = {
			isa = XCConfigurationList;
			buildConfigurations = (
				B43BB2A32551AD29002CD050 /* Debug */,
				B43BB2A42551AD29002CD050 /* Release */,
			);
			defaultConfigurationIsVisible = 0;
			defaultConfigurationName = Release;
		};
		B43BB2A52551AD29002CD050 /* Build configuration list for PBXNativeTarget "PhotoBrowserExample" */ = {
			isa = XCConfigurationList;
			buildConfigurations = (
				B43BB2A62551AD29002CD050 /* Debug */,
				B43BB2A72551AD29002CD050 /* Release */,
			);
			defaultConfigurationIsVisible = 0;
			defaultConfigurationName = Release;
		};
		B43BB2A82551AD29002CD050 /* Build configuration list for PBXNativeTarget "PhotoBrowserExampleTests" */ = {
			isa = XCConfigurationList;
			buildConfigurations = (
				B43BB2A92551AD29002CD050 /* Debug */,
				B43BB2AA2551AD29002CD050 /* Release */,
			);
			defaultConfigurationIsVisible = 0;
			defaultConfigurationName = Release;
		};
		B43BB2AB2551AD29002CD050 /* Build configuration list for PBXNativeTarget "PhotoBrowserExampleUITests" */ = {
			isa = XCConfigurationList;
			buildConfigurations = (
				B43BB2AC2551AD29002CD050 /* Debug */,
				B43BB2AD2551AD29002CD050 /* Release */,
			);
			defaultConfigurationIsVisible = 0;
			defaultConfigurationName = Release;
		};
/* End XCConfigurationList section */
	};
	rootObject = B43BB2732551AD28002CD050 /* Project object */;
}
